# generated by rye
# use `rye lock` or `rye sync` to update this lockfile
#
# last locked with the following flags:
#   pre: false
#   features: []
#   all-features: false
#   with-sources: false
#   generate-hashes: false
#   universal: false

-e file:.
colorzero==2.0
    # via gpiozero
gpiozero==2.0.1
    # via eink-net
lgpio==0.2.2.0
    # via eink-net
numpy==2.1.0
    # via eink-net
pillow==10.4.0
    # via eink-net
rpi-gpio==0.7.1
    # via eink-net
setuptools==73.0.1
    # via colorzero
spidev==3.6
    # via eink-net
